
Microsoft Visual Studio Solution File, Format Version 12.00
# Visual Studio Version 16
VisualStudioVersion = 16.0.31515.178
MinimumVisualStudioVersion = 10.0.40219.1
Project("{FAE04EC0-301F-11D3-BF4B-00C04F79EFBC}") = "sayfa148_Items_Contains", "sayfa148_Items_Contains\sayfa148_Items_Contains.csproj", "{1CA06327-FE25-4E33-8660-CFE125621002}"
EndProject
Global
	GlobalSection(SolutionConfigurationPlatforms) = preSolution
		Debug|Any CPU = Debug|Any CPU
		Release|Any CPU = Release|Any CPU
	EndGlobalSection
	GlobalSection(ProjectConfigurationPlatforms) = postSolution
		{1CA06327-FE25-4E33-8660-CFE125621002}.Debug|Any CPU.ActiveCfg = Debug|Any CPU
		{1CA06327-FE25-4E33-8660-CFE125621002}.Debug|Any CPU.Build.0 = Debug|Any CPU
		{1CA06327-FE25-4E33-8660-CFE125621002}.Release|Any CPU.ActiveCfg = Release|Any CPU
		{1CA06327-FE25-4E33-8660-CFE125621002}.Release|Any CPU.Build.0 = Release|Any CPU
	EndGlobalSection
	GlobalSection(SolutionProperties) = preSolution
		HideSolutionNode = FALSE
	EndGlobalSection
	GlobalSection(ExtensibilityGlobals) = postSolution
		SolutionGuid = {90377F59-F52A-4265-A3CF-AF2281B81F37}
	EndGlobalSection
EndGlobal
