
Microsoft Visual Studio Solution File, Format Version 12.00
# Visual Studio Version 16
VisualStudioVersion = 16.0.31515.178
MinimumVisualStudioVersion = 10.0.40219.1
Project("{FAE04EC0-301F-11D3-BF4B-00C04F79EFBC}") = "sayfa144_listBox_Items", "sayfa144_listBox_Items\sayfa144_listBox_Items.csproj", "{C52F1FF4-9ED6-4F29-A7B8-1FC95A66DB8B}"
EndProject
Global
	GlobalSection(SolutionConfigurationPlatforms) = preSolution
		Debug|Any CPU = Debug|Any CPU
		Release|Any CPU = Release|Any CPU
	EndGlobalSection
	GlobalSection(ProjectConfigurationPlatforms) = postSolution
		{C52F1FF4-9ED6-4F29-A7B8-1FC95A66DB8B}.Debug|Any CPU.ActiveCfg = Debug|Any CPU
		{C52F1FF4-9ED6-4F29-A7B8-1FC95A66DB8B}.Debug|Any CPU.Build.0 = Debug|Any CPU
		{C52F1FF4-9ED6-4F29-A7B8-1FC95A66DB8B}.Release|Any CPU.ActiveCfg = Release|Any CPU
		{C52F1FF4-9ED6-4F29-A7B8-1FC95A66DB8B}.Release|Any CPU.Build.0 = Release|Any CPU
	EndGlobalSection
	GlobalSection(SolutionProperties) = preSolution
		HideSolutionNode = FALSE
	EndGlobalSection
	GlobalSection(ExtensibilityGlobals) = postSolution
		SolutionGuid = {C3A295BD-8E0A-4426-A9FC-B7F9669F99C6}
	EndGlobalSection
EndGlobal
