
Microsoft Visual Studio Solution File, Format Version 12.00
# Visual Studio Version 16
VisualStudioVersion = 16.0.31515.178
MinimumVisualStudioVersion = 10.0.40219.1
Project("{FAE04EC0-301F-11D3-BF4B-00C04F79EFBC}") = "sayfa48_aynıIsımliParametreler01", "sayfa48_aynıIsımliParametreler01\sayfa48_aynıIsımliParametreler01.csproj", "{BFEE486D-518C-4C01-AFFB-345634D4140E}"
EndProject
Global
	GlobalSection(SolutionConfigurationPlatforms) = preSolution
		Debug|Any CPU = Debug|Any CPU
		Release|Any CPU = Release|Any CPU
	EndGlobalSection
	GlobalSection(ProjectConfigurationPlatforms) = postSolution
		{BFEE486D-518C-4C01-AFFB-345634D4140E}.Debug|Any CPU.ActiveCfg = Debug|Any CPU
		{BFEE486D-518C-4C01-AFFB-345634D4140E}.Debug|Any CPU.Build.0 = Debug|Any CPU
		{BFEE486D-518C-4C01-AFFB-345634D4140E}.Release|Any CPU.ActiveCfg = Release|Any CPU
		{BFEE486D-518C-4C01-AFFB-345634D4140E}.Release|Any CPU.Build.0 = Release|Any CPU
	EndGlobalSection
	GlobalSection(SolutionProperties) = preSolution
		HideSolutionNode = FALSE
	EndGlobalSection
	GlobalSection(ExtensibilityGlobals) = postSolution
		SolutionGuid = {83C022F4-8D23-49F2-B014-31207E0B3A61}
	EndGlobalSection
EndGlobal
