
Microsoft Visual Studio Solution File, Format Version 12.00
# Visual Studio Version 16
VisualStudioVersion = 16.0.31515.178
MinimumVisualStudioVersion = 10.0.40219.1
Project("{FAE04EC0-301F-11D3-BF4B-00C04F79EFBC}") = "boolean", "boolean\boolean.csproj", "{68F0D40F-1EDF-4A86-92C0-BC25E6B989BE}"
EndProject
Global
	GlobalSection(SolutionConfigurationPlatforms) = preSolution
		Debug|Any CPU = Debug|Any CPU
		Release|Any CPU = Release|Any CPU
	EndGlobalSection
	GlobalSection(ProjectConfigurationPlatforms) = postSolution
		{68F0D40F-1EDF-4A86-92C0-BC25E6B989BE}.Debug|Any CPU.ActiveCfg = Debug|Any CPU
		{68F0D40F-1EDF-4A86-92C0-BC25E6B989BE}.Debug|Any CPU.Build.0 = Debug|Any CPU
		{68F0D40F-1EDF-4A86-92C0-BC25E6B989BE}.Release|Any CPU.ActiveCfg = Release|Any CPU
		{68F0D40F-1EDF-4A86-92C0-BC25E6B989BE}.Release|Any CPU.Build.0 = Release|Any CPU
	EndGlobalSection
	GlobalSection(SolutionProperties) = preSolution
		HideSolutionNode = FALSE
	EndGlobalSection
	GlobalSection(ExtensibilityGlobals) = postSolution
		SolutionGuid = {535A82CA-B226-42F2-AA59-C7EFBBCF3F1A}
	EndGlobalSection
EndGlobal
