
Microsoft Visual Studio Solution File, Format Version 12.00
# Visual Studio Version 16
VisualStudioVersion = 16.0.31515.178
MinimumVisualStudioVersion = 10.0.40219.1
Project("{FAE04EC0-301F-11D3-BF4B-00C04F79EFBC}") = "sayfa47_fonksiyonVeAltProg03", "sayfa47_fonksiyonVeAltProg03\sayfa47_fonksiyonVeAltProg03.csproj", "{5AE862E4-A8C5-49E9-8774-FF4567999FFC}"
EndProject
Global
	GlobalSection(SolutionConfigurationPlatforms) = preSolution
		Debug|Any CPU = Debug|Any CPU
		Release|Any CPU = Release|Any CPU
	EndGlobalSection
	GlobalSection(ProjectConfigurationPlatforms) = postSolution
		{5AE862E4-A8C5-49E9-8774-FF4567999FFC}.Debug|Any CPU.ActiveCfg = Debug|Any CPU
		{5AE862E4-A8C5-49E9-8774-FF4567999FFC}.Debug|Any CPU.Build.0 = Debug|Any CPU
		{5AE862E4-A8C5-49E9-8774-FF4567999FFC}.Release|Any CPU.ActiveCfg = Release|Any CPU
		{5AE862E4-A8C5-49E9-8774-FF4567999FFC}.Release|Any CPU.Build.0 = Release|Any CPU
	EndGlobalSection
	GlobalSection(SolutionProperties) = preSolution
		HideSolutionNode = FALSE
	EndGlobalSection
	GlobalSection(ExtensibilityGlobals) = postSolution
		SolutionGuid = {5376907A-3230-44A3-81D5-FF3612118D2D}
	EndGlobalSection
EndGlobal
