
Microsoft Visual Studio Solution File, Format Version 12.00
# Visual Studio Version 16
VisualStudioVersion = 16.0.31515.178
MinimumVisualStudioVersion = 10.0.40219.1
Project("{FAE04EC0-301F-11D3-BF4B-00C04F79EFBC}") = "sayfa111_textBox1_Modifiers", "sayfa111_textBox1_Modifiers\sayfa111_textBox1_Modifiers.csproj", "{340A009A-E3BF-4B62-B2B9-5E19C304114E}"
EndProject
Global
	GlobalSection(SolutionConfigurationPlatforms) = preSolution
		Debug|Any CPU = Debug|Any CPU
		Release|Any CPU = Release|Any CPU
	EndGlobalSection
	GlobalSection(ProjectConfigurationPlatforms) = postSolution
		{340A009A-E3BF-4B62-B2B9-5E19C304114E}.Debug|Any CPU.ActiveCfg = Debug|Any CPU
		{340A009A-E3BF-4B62-B2B9-5E19C304114E}.Debug|Any CPU.Build.0 = Debug|Any CPU
		{340A009A-E3BF-4B62-B2B9-5E19C304114E}.Release|Any CPU.ActiveCfg = Release|Any CPU
		{340A009A-E3BF-4B62-B2B9-5E19C304114E}.Release|Any CPU.Build.0 = Release|Any CPU
	EndGlobalSection
	GlobalSection(SolutionProperties) = preSolution
		HideSolutionNode = FALSE
	EndGlobalSection
	GlobalSection(ExtensibilityGlobals) = postSolution
		SolutionGuid = {53596F30-213A-4CDF-8CA5-FB7A1455F5AE}
	EndGlobalSection
EndGlobal
