
Microsoft Visual Studio Solution File, Format Version 12.00
# Visual Studio Version 16
VisualStudioVersion = 16.0.31515.178
MinimumVisualStudioVersion = 10.0.40219.1
Project("{FAE04EC0-301F-11D3-BF4B-00C04F79EFBC}") = "sayfa78_Koordinat_Boyut01", "sayfa78_Koordinat_Boyut01\sayfa78_Koordinat_Boyut01.csproj", "{40983962-3EEE-4722-933F-FF04E3BA45EB}"
EndProject
Global
	GlobalSection(SolutionConfigurationPlatforms) = preSolution
		Debug|Any CPU = Debug|Any CPU
		Release|Any CPU = Release|Any CPU
	EndGlobalSection
	GlobalSection(ProjectConfigurationPlatforms) = postSolution
		{40983962-3EEE-4722-933F-FF04E3BA45EB}.Debug|Any CPU.ActiveCfg = Debug|Any CPU
		{40983962-3EEE-4722-933F-FF04E3BA45EB}.Debug|Any CPU.Build.0 = Debug|Any CPU
		{40983962-3EEE-4722-933F-FF04E3BA45EB}.Release|Any CPU.ActiveCfg = Release|Any CPU
		{40983962-3EEE-4722-933F-FF04E3BA45EB}.Release|Any CPU.Build.0 = Release|Any CPU
	EndGlobalSection
	GlobalSection(SolutionProperties) = preSolution
		HideSolutionNode = FALSE
	EndGlobalSection
	GlobalSection(ExtensibilityGlobals) = postSolution
		SolutionGuid = {F3C17B00-93B5-40AF-9B52-00AD37BB765A}
	EndGlobalSection
EndGlobal
