
Microsoft Visual Studio Solution File, Format Version 12.00
# Visual Studio Version 16
VisualStudioVersion = 16.0.31515.178
MinimumVisualStudioVersion = 10.0.40219.1
Project("{FAE04EC0-301F-11D3-BF4B-00C04F79EFBC}") = "sayfa43_do-while", "sayfa43_do-while\sayfa43_do-while.csproj", "{0B5321E7-5E30-4370-92DB-E7F607D09955}"
EndProject
Global
	GlobalSection(SolutionConfigurationPlatforms) = preSolution
		Debug|Any CPU = Debug|Any CPU
		Release|Any CPU = Release|Any CPU
	EndGlobalSection
	GlobalSection(ProjectConfigurationPlatforms) = postSolution
		{0B5321E7-5E30-4370-92DB-E7F607D09955}.Debug|Any CPU.ActiveCfg = Debug|Any CPU
		{0B5321E7-5E30-4370-92DB-E7F607D09955}.Debug|Any CPU.Build.0 = Debug|Any CPU
		{0B5321E7-5E30-4370-92DB-E7F607D09955}.Release|Any CPU.ActiveCfg = Release|Any CPU
		{0B5321E7-5E30-4370-92DB-E7F607D09955}.Release|Any CPU.Build.0 = Release|Any CPU
	EndGlobalSection
	GlobalSection(SolutionProperties) = preSolution
		HideSolutionNode = FALSE
	EndGlobalSection
	GlobalSection(ExtensibilityGlobals) = postSolution
		SolutionGuid = {5B656222-6BC7-4F7C-B75B-B1F3FCED799F}
	EndGlobalSection
EndGlobal
