
Microsoft Visual Studio Solution File, Format Version 12.00
# Visual Studio Version 16
VisualStudioVersion = 16.0.31515.178
MinimumVisualStudioVersion = 10.0.40219.1
Project("{FAE04EC0-301F-11D3-BF4B-00C04F79EFBC}") = "sayfa75_FontIslemleri02", "sayfa75_FontIslemleri02\sayfa75_FontIslemleri02.csproj", "{D08A5E79-0D6A-4E7D-A5F8-7303D08E6FCE}"
EndProject
Global
	GlobalSection(SolutionConfigurationPlatforms) = preSolution
		Debug|Any CPU = Debug|Any CPU
		Release|Any CPU = Release|Any CPU
	EndGlobalSection
	GlobalSection(ProjectConfigurationPlatforms) = postSolution
		{D08A5E79-0D6A-4E7D-A5F8-7303D08E6FCE}.Debug|Any CPU.ActiveCfg = Debug|Any CPU
		{D08A5E79-0D6A-4E7D-A5F8-7303D08E6FCE}.Debug|Any CPU.Build.0 = Debug|Any CPU
		{D08A5E79-0D6A-4E7D-A5F8-7303D08E6FCE}.Release|Any CPU.ActiveCfg = Release|Any CPU
		{D08A5E79-0D6A-4E7D-A5F8-7303D08E6FCE}.Release|Any CPU.Build.0 = Release|Any CPU
	EndGlobalSection
	GlobalSection(SolutionProperties) = preSolution
		HideSolutionNode = FALSE
	EndGlobalSection
	GlobalSection(ExtensibilityGlobals) = postSolution
		SolutionGuid = {FECBC191-904D-4F96-A0E2-553E80173474}
	EndGlobalSection
EndGlobal
