
Microsoft Visual Studio Solution File, Format Version 12.00
# Visual Studio Version 16
VisualStudioVersion = 16.0.31515.178
MinimumVisualStudioVersion = 10.0.40219.1
Project("{FAE04EC0-301F-11D3-BF4B-00C04F79EFBC}") = "sayfa150_Items_CopyTo", "sayfa150_Items_CopyTo\sayfa150_Items_CopyTo.csproj", "{1B839261-4136-414A-AEB2-368124281D0E}"
EndProject
Global
	GlobalSection(SolutionConfigurationPlatforms) = preSolution
		Debug|Any CPU = Debug|Any CPU
		Release|Any CPU = Release|Any CPU
	EndGlobalSection
	GlobalSection(ProjectConfigurationPlatforms) = postSolution
		{1B839261-4136-414A-AEB2-368124281D0E}.Debug|Any CPU.ActiveCfg = Debug|Any CPU
		{1B839261-4136-414A-AEB2-368124281D0E}.Debug|Any CPU.Build.0 = Debug|Any CPU
		{1B839261-4136-414A-AEB2-368124281D0E}.Release|Any CPU.ActiveCfg = Release|Any CPU
		{1B839261-4136-414A-AEB2-368124281D0E}.Release|Any CPU.Build.0 = Release|Any CPU
	EndGlobalSection
	GlobalSection(SolutionProperties) = preSolution
		HideSolutionNode = FALSE
	EndGlobalSection
	GlobalSection(ExtensibilityGlobals) = postSolution
		SolutionGuid = {EA52BD89-6577-4904-9DD2-0BBF6E1893C5}
	EndGlobalSection
EndGlobal
