
Microsoft Visual Studio Solution File, Format Version 12.00
# Visual Studio Version 16
VisualStudioVersion = 16.0.31515.178
MinimumVisualStudioVersion = 10.0.40219.1
Project("{FAE04EC0-301F-11D3-BF4B-00C04F79EFBC}") = "sayfa42_for_faktoriyelHesaplama", "sayfa42_for_faktoriyelHesaplama\sayfa42_for_faktoriyelHesaplama.csproj", "{28DB5FB0-3591-4541-8F6A-E804291AD2EB}"
EndProject
Global
	GlobalSection(SolutionConfigurationPlatforms) = preSolution
		Debug|Any CPU = Debug|Any CPU
		Release|Any CPU = Release|Any CPU
	EndGlobalSection
	GlobalSection(ProjectConfigurationPlatforms) = postSolution
		{28DB5FB0-3591-4541-8F6A-E804291AD2EB}.Debug|Any CPU.ActiveCfg = Debug|Any CPU
		{28DB5FB0-3591-4541-8F6A-E804291AD2EB}.Debug|Any CPU.Build.0 = Debug|Any CPU
		{28DB5FB0-3591-4541-8F6A-E804291AD2EB}.Release|Any CPU.ActiveCfg = Release|Any CPU
		{28DB5FB0-3591-4541-8F6A-E804291AD2EB}.Release|Any CPU.Build.0 = Release|Any CPU
	EndGlobalSection
	GlobalSection(SolutionProperties) = preSolution
		HideSolutionNode = FALSE
	EndGlobalSection
	GlobalSection(ExtensibilityGlobals) = postSolution
		SolutionGuid = {01DCBC6D-1955-4D27-9F98-4FC20479518E}
	EndGlobalSection
EndGlobal
