
Microsoft Visual Studio Solution File, Format Version 12.00
# Visual Studio Version 16
VisualStudioVersion = 16.0.31515.178
MinimumVisualStudioVersion = 10.0.40219.1
Project("{FAE04EC0-301F-11D3-BF4B-00C04F79EFBC}") = "sayfa46_fonksiyonVeAltProg01", "sayfa46_fonksiyonVeAltProg01\sayfa46_fonksiyonVeAltProg01.csproj", "{DA517C79-171A-4C8C-94EE-2A529E68CC2C}"
EndProject
Global
	GlobalSection(SolutionConfigurationPlatforms) = preSolution
		Debug|Any CPU = Debug|Any CPU
		Release|Any CPU = Release|Any CPU
	EndGlobalSection
	GlobalSection(ProjectConfigurationPlatforms) = postSolution
		{DA517C79-171A-4C8C-94EE-2A529E68CC2C}.Debug|Any CPU.ActiveCfg = Debug|Any CPU
		{DA517C79-171A-4C8C-94EE-2A529E68CC2C}.Debug|Any CPU.Build.0 = Debug|Any CPU
		{DA517C79-171A-4C8C-94EE-2A529E68CC2C}.Release|Any CPU.ActiveCfg = Release|Any CPU
		{DA517C79-171A-4C8C-94EE-2A529E68CC2C}.Release|Any CPU.Build.0 = Release|Any CPU
	EndGlobalSection
	GlobalSection(SolutionProperties) = preSolution
		HideSolutionNode = FALSE
	EndGlobalSection
	GlobalSection(ExtensibilityGlobals) = postSolution
		SolutionGuid = {6D43DB3F-D766-45B5-B5FD-360BD3C56FD9}
	EndGlobalSection
EndGlobal
