
Microsoft Visual Studio Solution File, Format Version 12.00
# Visual Studio Version 16
VisualStudioVersion = 16.0.31515.178
MinimumVisualStudioVersion = 10.0.40219.1
Project("{FAE04EC0-301F-11D3-BF4B-00C04F79EFBC}") = "sayfa115_Formlara_Sekil_Verme_Yontem2", "sayfa115_Formlara_Sekil_Verme_Yontem2\sayfa115_Formlara_Sekil_Verme_Yontem2.csproj", "{13070575-B865-4DC4-8B8F-6028D828C314}"
EndProject
Global
	GlobalSection(SolutionConfigurationPlatforms) = preSolution
		Debug|Any CPU = Debug|Any CPU
		Release|Any CPU = Release|Any CPU
	EndGlobalSection
	GlobalSection(ProjectConfigurationPlatforms) = postSolution
		{13070575-B865-4DC4-8B8F-6028D828C314}.Debug|Any CPU.ActiveCfg = Debug|Any CPU
		{13070575-B865-4DC4-8B8F-6028D828C314}.Debug|Any CPU.Build.0 = Debug|Any CPU
		{13070575-B865-4DC4-8B8F-6028D828C314}.Release|Any CPU.ActiveCfg = Release|Any CPU
		{13070575-B865-4DC4-8B8F-6028D828C314}.Release|Any CPU.Build.0 = Release|Any CPU
	EndGlobalSection
	GlobalSection(SolutionProperties) = preSolution
		HideSolutionNode = FALSE
	EndGlobalSection
	GlobalSection(ExtensibilityGlobals) = postSolution
		SolutionGuid = {D993D17D-0F35-444E-BB78-093DFB929A20}
	EndGlobalSection
EndGlobal
