
Microsoft Visual Studio Solution File, Format Version 12.00
# Visual Studio Version 16
VisualStudioVersion = 16.0.31515.178
MinimumVisualStudioVersion = 10.0.40219.1
Project("{FAE04EC0-301F-11D3-BF4B-00C04F79EFBC}") = "sayfa17_objectTipi", "sayfa17_objectTipi\sayfa17_objectTipi.csproj", "{D7F2F42B-D7E6-4F7F-8BB0-13BA547203E2}"
EndProject
Global
	GlobalSection(SolutionConfigurationPlatforms) = preSolution
		Debug|Any CPU = Debug|Any CPU
		Release|Any CPU = Release|Any CPU
	EndGlobalSection
	GlobalSection(ProjectConfigurationPlatforms) = postSolution
		{D7F2F42B-D7E6-4F7F-8BB0-13BA547203E2}.Debug|Any CPU.ActiveCfg = Debug|Any CPU
		{D7F2F42B-D7E6-4F7F-8BB0-13BA547203E2}.Debug|Any CPU.Build.0 = Debug|Any CPU
		{D7F2F42B-D7E6-4F7F-8BB0-13BA547203E2}.Release|Any CPU.ActiveCfg = Release|Any CPU
		{D7F2F42B-D7E6-4F7F-8BB0-13BA547203E2}.Release|Any CPU.Build.0 = Release|Any CPU
	EndGlobalSection
	GlobalSection(SolutionProperties) = preSolution
		HideSolutionNode = FALSE
	EndGlobalSection
	GlobalSection(ExtensibilityGlobals) = postSolution
		SolutionGuid = {6602C4F0-ABE4-4F58-8AEC-EFCAB26223F3}
	EndGlobalSection
EndGlobal
