
Microsoft Visual Studio Solution File, Format Version 12.00
# Visual Studio Version 16
VisualStudioVersion = 16.0.31515.178
MinimumVisualStudioVersion = 10.0.40219.1
Project("{FAE04EC0-301F-11D3-BF4B-00C04F79EFBC}") = "sayfa72_Enable", "sayfa72_Enable\sayfa72_Enable.csproj", "{7FBE07B0-1FA0-4592-9137-61F9BEE3838B}"
EndProject
Global
	GlobalSection(SolutionConfigurationPlatforms) = preSolution
		Debug|Any CPU = Debug|Any CPU
		Release|Any CPU = Release|Any CPU
	EndGlobalSection
	GlobalSection(ProjectConfigurationPlatforms) = postSolution
		{7FBE07B0-1FA0-4592-9137-61F9BEE3838B}.Debug|Any CPU.ActiveCfg = Debug|Any CPU
		{7FBE07B0-1FA0-4592-9137-61F9BEE3838B}.Debug|Any CPU.Build.0 = Debug|Any CPU
		{7FBE07B0-1FA0-4592-9137-61F9BEE3838B}.Release|Any CPU.ActiveCfg = Release|Any CPU
		{7FBE07B0-1FA0-4592-9137-61F9BEE3838B}.Release|Any CPU.Build.0 = Release|Any CPU
	EndGlobalSection
	GlobalSection(SolutionProperties) = preSolution
		HideSolutionNode = FALSE
	EndGlobalSection
	GlobalSection(ExtensibilityGlobals) = postSolution
		SolutionGuid = {5847392F-5990-4326-BDA7-1861BC9DA2E2}
	EndGlobalSection
EndGlobal
