
Microsoft Visual Studio Solution File, Format Version 12.00
# Visual Studio Version 16
VisualStudioVersion = 16.0.31515.178
MinimumVisualStudioVersion = 10.0.40219.1
Project("{FAE04EC0-301F-11D3-BF4B-00C04F79EFBC}") = "sayfa108_IsDisposed", "sayfa108_IsDisposed\sayfa108_IsDisposed.csproj", "{D3F9A53B-8ECF-4AF1-813D-CDBD0E35C4AA}"
EndProject
Global
	GlobalSection(SolutionConfigurationPlatforms) = preSolution
		Debug|Any CPU = Debug|Any CPU
		Release|Any CPU = Release|Any CPU
	EndGlobalSection
	GlobalSection(ProjectConfigurationPlatforms) = postSolution
		{D3F9A53B-8ECF-4AF1-813D-CDBD0E35C4AA}.Debug|Any CPU.ActiveCfg = Debug|Any CPU
		{D3F9A53B-8ECF-4AF1-813D-CDBD0E35C4AA}.Debug|Any CPU.Build.0 = Debug|Any CPU
		{D3F9A53B-8ECF-4AF1-813D-CDBD0E35C4AA}.Release|Any CPU.ActiveCfg = Release|Any CPU
		{D3F9A53B-8ECF-4AF1-813D-CDBD0E35C4AA}.Release|Any CPU.Build.0 = Release|Any CPU
	EndGlobalSection
	GlobalSection(SolutionProperties) = preSolution
		HideSolutionNode = FALSE
	EndGlobalSection
	GlobalSection(ExtensibilityGlobals) = postSolution
		SolutionGuid = {678C979C-07A6-42B1-BEA2-B948C98A1DA6}
	EndGlobalSection
EndGlobal
