
Microsoft Visual Studio Solution File, Format Version 12.00
# Visual Studio Version 16
VisualStudioVersion = 16.0.31515.178
MinimumVisualStudioVersion = 10.0.40219.1
Project("{FAE04EC0-301F-11D3-BF4B-00C04F79EFBC}") = "sayfa79_Koordinat_Boyut03", "sayfa79_Koordinat_Boyut03\sayfa79_Koordinat_Boyut03.csproj", "{BCA84630-475C-4BCB-B023-6ADF82B200B3}"
EndProject
Global
	GlobalSection(SolutionConfigurationPlatforms) = preSolution
		Debug|Any CPU = Debug|Any CPU
		Release|Any CPU = Release|Any CPU
	EndGlobalSection
	GlobalSection(ProjectConfigurationPlatforms) = postSolution
		{BCA84630-475C-4BCB-B023-6ADF82B200B3}.Debug|Any CPU.ActiveCfg = Debug|Any CPU
		{BCA84630-475C-4BCB-B023-6ADF82B200B3}.Debug|Any CPU.Build.0 = Debug|Any CPU
		{BCA84630-475C-4BCB-B023-6ADF82B200B3}.Release|Any CPU.ActiveCfg = Release|Any CPU
		{BCA84630-475C-4BCB-B023-6ADF82B200B3}.Release|Any CPU.Build.0 = Release|Any CPU
	EndGlobalSection
	GlobalSection(SolutionProperties) = preSolution
		HideSolutionNode = FALSE
	EndGlobalSection
	GlobalSection(ExtensibilityGlobals) = postSolution
		SolutionGuid = {A072612F-A72A-4D52-9037-2C5FDC50A65F}
	EndGlobalSection
EndGlobal
