
Microsoft Visual Studio Solution File, Format Version 12.00
# Visual Studio Version 16
VisualStudioVersion = 16.0.31515.178
MinimumVisualStudioVersion = 10.0.40219.1
Project("{FAE04EC0-301F-11D3-BF4B-00C04F79EFBC}") = "sayfa66_MessageBox.Show(M, B, D, S, V_D)", "sayfa66_MessageBox.Show(M, B, D, S, V_D)\sayfa66_MessageBox.Show(M, B, D, S, V_D).csproj", "{795D696D-F55B-4794-9287-3680950F59A5}"
EndProject
Global
	GlobalSection(SolutionConfigurationPlatforms) = preSolution
		Debug|Any CPU = Debug|Any CPU
		Release|Any CPU = Release|Any CPU
	EndGlobalSection
	GlobalSection(ProjectConfigurationPlatforms) = postSolution
		{795D696D-F55B-4794-9287-3680950F59A5}.Debug|Any CPU.ActiveCfg = Debug|Any CPU
		{795D696D-F55B-4794-9287-3680950F59A5}.Debug|Any CPU.Build.0 = Debug|Any CPU
		{795D696D-F55B-4794-9287-3680950F59A5}.Release|Any CPU.ActiveCfg = Release|Any CPU
		{795D696D-F55B-4794-9287-3680950F59A5}.Release|Any CPU.Build.0 = Release|Any CPU
	EndGlobalSection
	GlobalSection(SolutionProperties) = preSolution
		HideSolutionNode = FALSE
	EndGlobalSection
	GlobalSection(ExtensibilityGlobals) = postSolution
		SolutionGuid = {43A489F4-7C76-4028-8064-4FFDEEFC82E5}
	EndGlobalSection
EndGlobal
