
Microsoft Visual Studio Solution File, Format Version 12.00
# Visual Studio Version 16
VisualStudioVersion = 16.0.31515.178
MinimumVisualStudioVersion = 10.0.40219.1
Project("{FAE04EC0-301F-11D3-BF4B-00C04F79EFBC}") = "sayfa144_Items.AddRange", "sayfa144_Items.AddRange\sayfa144_Items.AddRange.csproj", "{49A55A03-B477-4EAD-9D55-8CCA12186038}"
EndProject
Global
	GlobalSection(SolutionConfigurationPlatforms) = preSolution
		Debug|Any CPU = Debug|Any CPU
		Release|Any CPU = Release|Any CPU
	EndGlobalSection
	GlobalSection(ProjectConfigurationPlatforms) = postSolution
		{49A55A03-B477-4EAD-9D55-8CCA12186038}.Debug|Any CPU.ActiveCfg = Debug|Any CPU
		{49A55A03-B477-4EAD-9D55-8CCA12186038}.Debug|Any CPU.Build.0 = Debug|Any CPU
		{49A55A03-B477-4EAD-9D55-8CCA12186038}.Release|Any CPU.ActiveCfg = Release|Any CPU
		{49A55A03-B477-4EAD-9D55-8CCA12186038}.Release|Any CPU.Build.0 = Release|Any CPU
	EndGlobalSection
	GlobalSection(SolutionProperties) = preSolution
		HideSolutionNode = FALSE
	EndGlobalSection
	GlobalSection(ExtensibilityGlobals) = postSolution
		SolutionGuid = {EB86161E-6365-4A44-9F05-585854C857DD}
	EndGlobalSection
EndGlobal
