
Microsoft Visual Studio Solution File, Format Version 12.00
# Visual Studio Version 16
VisualStudioVersion = 16.0.31515.178
MinimumVisualStudioVersion = 10.0.40219.1
Project("{FAE04EC0-301F-11D3-BF4B-00C04F79EFBC}") = "sayfa18_TipDonusumleri2", "sayfa18_TipDonusumleri2\sayfa18_TipDonusumleri2.csproj", "{0E71640A-3CAB-443A-B4B9-6C52C3C9894A}"
EndProject
Global
	GlobalSection(SolutionConfigurationPlatforms) = preSolution
		Debug|Any CPU = Debug|Any CPU
		Release|Any CPU = Release|Any CPU
	EndGlobalSection
	GlobalSection(ProjectConfigurationPlatforms) = postSolution
		{0E71640A-3CAB-443A-B4B9-6C52C3C9894A}.Debug|Any CPU.ActiveCfg = Debug|Any CPU
		{0E71640A-3CAB-443A-B4B9-6C52C3C9894A}.Debug|Any CPU.Build.0 = Debug|Any CPU
		{0E71640A-3CAB-443A-B4B9-6C52C3C9894A}.Release|Any CPU.ActiveCfg = Release|Any CPU
		{0E71640A-3CAB-443A-B4B9-6C52C3C9894A}.Release|Any CPU.Build.0 = Release|Any CPU
	EndGlobalSection
	GlobalSection(SolutionProperties) = preSolution
		HideSolutionNode = FALSE
	EndGlobalSection
	GlobalSection(ExtensibilityGlobals) = postSolution
		SolutionGuid = {A94FA6F3-D761-4E1A-B531-D7D1910093E6}
	EndGlobalSection
EndGlobal
