
Microsoft Visual Studio Solution File, Format Version 12.00
# Visual Studio Version 16
VisualStudioVersion = 16.0.31515.178
MinimumVisualStudioVersion = 10.0.40219.1
Project("{FAE04EC0-301F-11D3-BF4B-00C04F79EFBC}") = "sayfa192_physicalDimension", "sayfa192_physicalDimension\sayfa192_physicalDimension.csproj", "{34034E3B-656E-4CCF-9447-98FBD316FF5E}"
EndProject
Global
	GlobalSection(SolutionConfigurationPlatforms) = preSolution
		Debug|Any CPU = Debug|Any CPU
		Release|Any CPU = Release|Any CPU
	EndGlobalSection
	GlobalSection(ProjectConfigurationPlatforms) = postSolution
		{34034E3B-656E-4CCF-9447-98FBD316FF5E}.Debug|Any CPU.ActiveCfg = Debug|Any CPU
		{34034E3B-656E-4CCF-9447-98FBD316FF5E}.Debug|Any CPU.Build.0 = Debug|Any CPU
		{34034E3B-656E-4CCF-9447-98FBD316FF5E}.Release|Any CPU.ActiveCfg = Release|Any CPU
		{34034E3B-656E-4CCF-9447-98FBD316FF5E}.Release|Any CPU.Build.0 = Release|Any CPU
	EndGlobalSection
	GlobalSection(SolutionProperties) = preSolution
		HideSolutionNode = FALSE
	EndGlobalSection
	GlobalSection(ExtensibilityGlobals) = postSolution
		SolutionGuid = {59D4ACF6-369C-478B-8CF4-987EF65BE3B6}
	EndGlobalSection
EndGlobal
