
Microsoft Visual Studio Solution File, Format Version 12.00
# Visual Studio Version 16
VisualStudioVersion = 16.0.31515.178
MinimumVisualStudioVersion = 10.0.40219.1
Project("{FAE04EC0-301F-11D3-BF4B-00C04F79EFBC}") = "stringCompare", "stringCompare\stringCompare.csproj", "{B7D372FD-75AC-4439-BAC6-B69B83770570}"
EndProject
Global
	GlobalSection(SolutionConfigurationPlatforms) = preSolution
		Debug|Any CPU = Debug|Any CPU
		Release|Any CPU = Release|Any CPU
	EndGlobalSection
	GlobalSection(ProjectConfigurationPlatforms) = postSolution
		{B7D372FD-75AC-4439-BAC6-B69B83770570}.Debug|Any CPU.ActiveCfg = Debug|Any CPU
		{B7D372FD-75AC-4439-BAC6-B69B83770570}.Debug|Any CPU.Build.0 = Debug|Any CPU
		{B7D372FD-75AC-4439-BAC6-B69B83770570}.Release|Any CPU.ActiveCfg = Release|Any CPU
		{B7D372FD-75AC-4439-BAC6-B69B83770570}.Release|Any CPU.Build.0 = Release|Any CPU
	EndGlobalSection
	GlobalSection(SolutionProperties) = preSolution
		HideSolutionNode = FALSE
	EndGlobalSection
	GlobalSection(ExtensibilityGlobals) = postSolution
		SolutionGuid = {A98198CC-69DC-4EF2-8EC9-A7EB57731D16}
	EndGlobalSection
EndGlobal
