
Microsoft Visual Studio Solution File, Format Version 12.00
# Visual Studio Version 16
VisualStudioVersion = 16.0.31515.178
MinimumVisualStudioVersion = 10.0.40219.1
Project("{FAE04EC0-301F-11D3-BF4B-00C04F79EFBC}") = "sayfa145_secili_alanı_silme", "sayfa145_secili_alanı_silme\sayfa145_secili_alanı_silme.csproj", "{9168AA7E-ECE0-429C-AD88-682C871429A7}"
EndProject
Global
	GlobalSection(SolutionConfigurationPlatforms) = preSolution
		Debug|Any CPU = Debug|Any CPU
		Release|Any CPU = Release|Any CPU
	EndGlobalSection
	GlobalSection(ProjectConfigurationPlatforms) = postSolution
		{9168AA7E-ECE0-429C-AD88-682C871429A7}.Debug|Any CPU.ActiveCfg = Debug|Any CPU
		{9168AA7E-ECE0-429C-AD88-682C871429A7}.Debug|Any CPU.Build.0 = Debug|Any CPU
		{9168AA7E-ECE0-429C-AD88-682C871429A7}.Release|Any CPU.ActiveCfg = Release|Any CPU
		{9168AA7E-ECE0-429C-AD88-682C871429A7}.Release|Any CPU.Build.0 = Release|Any CPU
	EndGlobalSection
	GlobalSection(SolutionProperties) = preSolution
		HideSolutionNode = FALSE
	EndGlobalSection
	GlobalSection(ExtensibilityGlobals) = postSolution
		SolutionGuid = {F48C93B5-7E01-496E-8972-2FD216BDC835}
	EndGlobalSection
EndGlobal
