
Microsoft Visual Studio Solution File, Format Version 12.00
# Visual Studio Version 16
VisualStudioVersion = 16.0.31515.178
MinimumVisualStudioVersion = 10.0.40219.1
Project("{FAE04EC0-301F-11D3-BF4B-00C04F79EFBC}") = "sayfa20_struct", "sayfa20_struct\sayfa20_struct.csproj", "{9BDAE228-5C71-4F6E-92D6-331E5E54E84E}"
EndProject
Global
	GlobalSection(SolutionConfigurationPlatforms) = preSolution
		Debug|Any CPU = Debug|Any CPU
		Release|Any CPU = Release|Any CPU
	EndGlobalSection
	GlobalSection(ProjectConfigurationPlatforms) = postSolution
		{9BDAE228-5C71-4F6E-92D6-331E5E54E84E}.Debug|Any CPU.ActiveCfg = Debug|Any CPU
		{9BDAE228-5C71-4F6E-92D6-331E5E54E84E}.Debug|Any CPU.Build.0 = Debug|Any CPU
		{9BDAE228-5C71-4F6E-92D6-331E5E54E84E}.Release|Any CPU.ActiveCfg = Release|Any CPU
		{9BDAE228-5C71-4F6E-92D6-331E5E54E84E}.Release|Any CPU.Build.0 = Release|Any CPU
	EndGlobalSection
	GlobalSection(SolutionProperties) = preSolution
		HideSolutionNode = FALSE
	EndGlobalSection
	GlobalSection(ExtensibilityGlobals) = postSolution
		SolutionGuid = {FADF2373-1636-4921-BE18-733D30F40AA8}
	EndGlobalSection
EndGlobal
