
Microsoft Visual Studio Solution File, Format Version 12.00
# Visual Studio Version 16
VisualStudioVersion = 16.0.31515.178
MinimumVisualStudioVersion = 10.0.40219.1
Project("{FAE04EC0-301F-11D3-BF4B-00C04F79EFBC}") = "sayfa60_hataAyiklama", "sayfa60_hataAyiklama\sayfa60_hataAyiklama.csproj", "{3C064607-2E1F-425B-8188-E6243D86F4BA}"
EndProject
Global
	GlobalSection(SolutionConfigurationPlatforms) = preSolution
		Debug|Any CPU = Debug|Any CPU
		Release|Any CPU = Release|Any CPU
	EndGlobalSection
	GlobalSection(ProjectConfigurationPlatforms) = postSolution
		{3C064607-2E1F-425B-8188-E6243D86F4BA}.Debug|Any CPU.ActiveCfg = Debug|Any CPU
		{3C064607-2E1F-425B-8188-E6243D86F4BA}.Debug|Any CPU.Build.0 = Debug|Any CPU
		{3C064607-2E1F-425B-8188-E6243D86F4BA}.Release|Any CPU.ActiveCfg = Release|Any CPU
		{3C064607-2E1F-425B-8188-E6243D86F4BA}.Release|Any CPU.Build.0 = Release|Any CPU
	EndGlobalSection
	GlobalSection(SolutionProperties) = preSolution
		HideSolutionNode = FALSE
	EndGlobalSection
	GlobalSection(ExtensibilityGlobals) = postSolution
		SolutionGuid = {FE53550E-F0B0-4620-BEF8-037E52918614}
	EndGlobalSection
EndGlobal
