
Microsoft Visual Studio Solution File, Format Version 12.00
# Visual Studio Version 16
VisualStudioVersion = 16.0.31515.178
MinimumVisualStudioVersion = 10.0.40219.1
Project("{FAE04EC0-301F-11D3-BF4B-00C04F79EFBC}") = "sayfa112_Acilis_Formu02", "sayfa112_Acilis_Formu02\sayfa112_Acilis_Formu02.csproj", "{E5F20C12-C99B-43FB-9646-7CC106A14768}"
EndProject
Global
	GlobalSection(SolutionConfigurationPlatforms) = preSolution
		Debug|Any CPU = Debug|Any CPU
		Release|Any CPU = Release|Any CPU
	EndGlobalSection
	GlobalSection(ProjectConfigurationPlatforms) = postSolution
		{E5F20C12-C99B-43FB-9646-7CC106A14768}.Debug|Any CPU.ActiveCfg = Debug|Any CPU
		{E5F20C12-C99B-43FB-9646-7CC106A14768}.Debug|Any CPU.Build.0 = Debug|Any CPU
		{E5F20C12-C99B-43FB-9646-7CC106A14768}.Release|Any CPU.ActiveCfg = Release|Any CPU
		{E5F20C12-C99B-43FB-9646-7CC106A14768}.Release|Any CPU.Build.0 = Release|Any CPU
	EndGlobalSection
	GlobalSection(SolutionProperties) = preSolution
		HideSolutionNode = FALSE
	EndGlobalSection
	GlobalSection(ExtensibilityGlobals) = postSolution
		SolutionGuid = {261F44D6-53F8-4818-B985-07AC526E0857}
	EndGlobalSection
EndGlobal
