
Microsoft Visual Studio Solution File, Format Version 12.00
# Visual Studio Version 16
VisualStudioVersion = 16.0.31515.178
MinimumVisualStudioVersion = 10.0.40219.1
Project("{FAE04EC0-301F-11D3-BF4B-00C04F79EFBC}") = "sayiBicimlendirme", "sayiBicimlendirme\sayiBicimlendirme.csproj", "{23089EA7-6F9D-42A5-8B06-6E4DE131A370}"
EndProject
Global
	GlobalSection(SolutionConfigurationPlatforms) = preSolution
		Debug|Any CPU = Debug|Any CPU
		Release|Any CPU = Release|Any CPU
	EndGlobalSection
	GlobalSection(ProjectConfigurationPlatforms) = postSolution
		{23089EA7-6F9D-42A5-8B06-6E4DE131A370}.Debug|Any CPU.ActiveCfg = Debug|Any CPU
		{23089EA7-6F9D-42A5-8B06-6E4DE131A370}.Debug|Any CPU.Build.0 = Debug|Any CPU
		{23089EA7-6F9D-42A5-8B06-6E4DE131A370}.Release|Any CPU.ActiveCfg = Release|Any CPU
		{23089EA7-6F9D-42A5-8B06-6E4DE131A370}.Release|Any CPU.Build.0 = Release|Any CPU
	EndGlobalSection
	GlobalSection(SolutionProperties) = preSolution
		HideSolutionNode = FALSE
	EndGlobalSection
	GlobalSection(ExtensibilityGlobals) = postSolution
		SolutionGuid = {267CEE73-D1E3-4B24-8854-DE4C09EAEA51}
	EndGlobalSection
EndGlobal
