
Microsoft Visual Studio Solution File, Format Version 12.00
# Visual Studio Version 16
VisualStudioVersion = 16.0.31515.178
MinimumVisualStudioVersion = 10.0.40219.1
Project("{FAE04EC0-301F-11D3-BF4B-00C04F79EFBC}") = "veriTipleri", "veriTipleri\veriTipleri.csproj", "{79E2EA97-0E6C-4EE1-8636-AD3586EAA2A9}"
EndProject
Global
	GlobalSection(SolutionConfigurationPlatforms) = preSolution
		Debug|Any CPU = Debug|Any CPU
		Release|Any CPU = Release|Any CPU
	EndGlobalSection
	GlobalSection(ProjectConfigurationPlatforms) = postSolution
		{79E2EA97-0E6C-4EE1-8636-AD3586EAA2A9}.Debug|Any CPU.ActiveCfg = Debug|Any CPU
		{79E2EA97-0E6C-4EE1-8636-AD3586EAA2A9}.Debug|Any CPU.Build.0 = Debug|Any CPU
		{79E2EA97-0E6C-4EE1-8636-AD3586EAA2A9}.Release|Any CPU.ActiveCfg = Release|Any CPU
		{79E2EA97-0E6C-4EE1-8636-AD3586EAA2A9}.Release|Any CPU.Build.0 = Release|Any CPU
	EndGlobalSection
	GlobalSection(SolutionProperties) = preSolution
		HideSolutionNode = FALSE
	EndGlobalSection
	GlobalSection(ExtensibilityGlobals) = postSolution
		SolutionGuid = {F7926260-5F35-4516-9622-6751EA0A095A}
	EndGlobalSection
EndGlobal
