
Microsoft Visual Studio Solution File, Format Version 12.00
# Visual Studio Version 16
VisualStudioVersion = 16.0.31515.178
MinimumVisualStudioVersion = 10.0.40219.1
Project("{FAE04EC0-301F-11D3-BF4B-00C04F79EFBC}") = "sayfa155_FingStringExact02", "sayfa155_FingStringExact02\sayfa155_FingStringExact02.csproj", "{E90FBB88-0794-4EF4-B444-ED1CAF8FFE3E}"
EndProject
Global
	GlobalSection(SolutionConfigurationPlatforms) = preSolution
		Debug|Any CPU = Debug|Any CPU
		Release|Any CPU = Release|Any CPU
	EndGlobalSection
	GlobalSection(ProjectConfigurationPlatforms) = postSolution
		{E90FBB88-0794-4EF4-B444-ED1CAF8FFE3E}.Debug|Any CPU.ActiveCfg = Debug|Any CPU
		{E90FBB88-0794-4EF4-B444-ED1CAF8FFE3E}.Debug|Any CPU.Build.0 = Debug|Any CPU
		{E90FBB88-0794-4EF4-B444-ED1CAF8FFE3E}.Release|Any CPU.ActiveCfg = Release|Any CPU
		{E90FBB88-0794-4EF4-B444-ED1CAF8FFE3E}.Release|Any CPU.Build.0 = Release|Any CPU
	EndGlobalSection
	GlobalSection(SolutionProperties) = preSolution
		HideSolutionNode = FALSE
	EndGlobalSection
	GlobalSection(ExtensibilityGlobals) = postSolution
		SolutionGuid = {F9A06B6E-4458-4925-BCB2-AF148538CDEC}
	EndGlobalSection
EndGlobal
