
Microsoft Visual Studio Solution File, Format Version 12.00
# Visual Studio Version 16
VisualStudioVersion = 16.0.31515.178
MinimumVisualStudioVersion = 10.0.40219.1
Project("{FAE04EC0-301F-11D3-BF4B-00C04F79EFBC}") = "sayfa188_pixel_ile_calisma", "sayfa188_pixel_ile_calisma\sayfa188_pixel_ile_calisma.csproj", "{987769CF-F280-45AE-925A-C91F6FB50692}"
EndProject
Global
	GlobalSection(SolutionConfigurationPlatforms) = preSolution
		Debug|Any CPU = Debug|Any CPU
		Release|Any CPU = Release|Any CPU
	EndGlobalSection
	GlobalSection(ProjectConfigurationPlatforms) = postSolution
		{987769CF-F280-45AE-925A-C91F6FB50692}.Debug|Any CPU.ActiveCfg = Debug|Any CPU
		{987769CF-F280-45AE-925A-C91F6FB50692}.Debug|Any CPU.Build.0 = Debug|Any CPU
		{987769CF-F280-45AE-925A-C91F6FB50692}.Release|Any CPU.ActiveCfg = Release|Any CPU
		{987769CF-F280-45AE-925A-C91F6FB50692}.Release|Any CPU.Build.0 = Release|Any CPU
	EndGlobalSection
	GlobalSection(SolutionProperties) = preSolution
		HideSolutionNode = FALSE
	EndGlobalSection
	GlobalSection(ExtensibilityGlobals) = postSolution
		SolutionGuid = {9217DFE1-DB5F-4BAB-9F0B-551CD8AA67B1}
	EndGlobalSection
EndGlobal
