
Microsoft Visual Studio Solution File, Format Version 12.00
# Visual Studio Version 16
VisualStudioVersion = 16.0.31515.178
MinimumVisualStudioVersion = 10.0.40219.1
Project("{FAE04EC0-301F-11D3-BF4B-00C04F79EFBC}") = "sayfa73_Visible", "sayfa73_Visible\sayfa73_Visible.csproj", "{F8E3C4E7-2303-431F-AB94-0CDADBED1910}"
EndProject
Global
	GlobalSection(SolutionConfigurationPlatforms) = preSolution
		Debug|Any CPU = Debug|Any CPU
		Release|Any CPU = Release|Any CPU
	EndGlobalSection
	GlobalSection(ProjectConfigurationPlatforms) = postSolution
		{F8E3C4E7-2303-431F-AB94-0CDADBED1910}.Debug|Any CPU.ActiveCfg = Debug|Any CPU
		{F8E3C4E7-2303-431F-AB94-0CDADBED1910}.Debug|Any CPU.Build.0 = Debug|Any CPU
		{F8E3C4E7-2303-431F-AB94-0CDADBED1910}.Release|Any CPU.ActiveCfg = Release|Any CPU
		{F8E3C4E7-2303-431F-AB94-0CDADBED1910}.Release|Any CPU.Build.0 = Release|Any CPU
	EndGlobalSection
	GlobalSection(SolutionProperties) = preSolution
		HideSolutionNode = FALSE
	EndGlobalSection
	GlobalSection(ExtensibilityGlobals) = postSolution
		SolutionGuid = {868E4297-357A-40C5-8BC9-E73B43900FEC}
	EndGlobalSection
EndGlobal
