
Microsoft Visual Studio Solution File, Format Version 12.00
# Visual Studio Version 16
VisualStudioVersion = 16.0.31515.178
MinimumVisualStudioVersion = 10.0.40219.1
Project("{FAE04EC0-301F-11D3-BF4B-00C04F79EFBC}") = "sayfa105_Forma_Ait_Metotlar", "sayfa105_Forma_Ait_Metotlar\sayfa105_Forma_Ait_Metotlar.csproj", "{F92B7C85-3CDE-4EEB-8FAA-5B63686D995A}"
EndProject
Global
	GlobalSection(SolutionConfigurationPlatforms) = preSolution
		Debug|Any CPU = Debug|Any CPU
		Release|Any CPU = Release|Any CPU
	EndGlobalSection
	GlobalSection(ProjectConfigurationPlatforms) = postSolution
		{F92B7C85-3CDE-4EEB-8FAA-5B63686D995A}.Debug|Any CPU.ActiveCfg = Debug|Any CPU
		{F92B7C85-3CDE-4EEB-8FAA-5B63686D995A}.Debug|Any CPU.Build.0 = Debug|Any CPU
		{F92B7C85-3CDE-4EEB-8FAA-5B63686D995A}.Release|Any CPU.ActiveCfg = Release|Any CPU
		{F92B7C85-3CDE-4EEB-8FAA-5B63686D995A}.Release|Any CPU.Build.0 = Release|Any CPU
	EndGlobalSection
	GlobalSection(SolutionProperties) = preSolution
		HideSolutionNode = FALSE
	EndGlobalSection
	GlobalSection(ExtensibilityGlobals) = postSolution
		SolutionGuid = {4418126E-5351-4CE5-A3F8-398F1D83C52E}
	EndGlobalSection
EndGlobal
