
Microsoft Visual Studio Solution File, Format Version 12.00
# Visual Studio Version 16
VisualStudioVersion = 16.0.31515.178
MinimumVisualStudioVersion = 10.0.40219.1
Project("{FAE04EC0-301F-11D3-BF4B-00C04F79EFBC}") = "stringBirlestirme", "stringBirlestirme\stringBirlestirme.csproj", "{8D59DC02-E406-4DF7-9400-A64C90FCF61B}"
EndProject
Global
	GlobalSection(SolutionConfigurationPlatforms) = preSolution
		Debug|Any CPU = Debug|Any CPU
		Release|Any CPU = Release|Any CPU
	EndGlobalSection
	GlobalSection(ProjectConfigurationPlatforms) = postSolution
		{8D59DC02-E406-4DF7-9400-A64C90FCF61B}.Debug|Any CPU.ActiveCfg = Debug|Any CPU
		{8D59DC02-E406-4DF7-9400-A64C90FCF61B}.Debug|Any CPU.Build.0 = Debug|Any CPU
		{8D59DC02-E406-4DF7-9400-A64C90FCF61B}.Release|Any CPU.ActiveCfg = Release|Any CPU
		{8D59DC02-E406-4DF7-9400-A64C90FCF61B}.Release|Any CPU.Build.0 = Release|Any CPU
	EndGlobalSection
	GlobalSection(SolutionProperties) = preSolution
		HideSolutionNode = FALSE
	EndGlobalSection
	GlobalSection(ExtensibilityGlobals) = postSolution
		SolutionGuid = {B7E103AB-771A-4847-B609-A79AE00EEADF}
	EndGlobalSection
EndGlobal
